PODS:
  - TDEasyStart (1.0.0-test.3):
    - ThinkingSDK (>= 3.1.0)
  - ThinkingDataCore (1.2.1):
    - ThinkingDataCore/Main (= 1.2.1)
  - ThinkingDataCore/iOS (1.2.1)
  - ThinkingDataCore/Main (1.2.1):
    - ThinkingDataCore/iOS
    - ThinkingDataCore/OSX
    - ThinkingDataCore/tvOS
    - ThinkingDataCore/versionOS
    - ThinkingDataCore/watchOS
  - ThinkingSDK (3.1.0):
    - ThinkingSDK/Main (= 3.1.0)
  - ThinkingSDK/iOS (3.1.0):
    - ThinkingDataCore (= 1.2.1)
  - ThinkingSDK/Main (3.1.0):
    - ThinkingSDK/iOS
    - ThinkingSDK/OSX

DEPENDENCIES:
  - TDEasyStart (from `../`)
  - ThinkingSDK (= 3.1.0)

SPEC REPOS:
  trunk:
    - ThinkingDataCore
    - ThinkingSDK

EXTERNAL SOURCES:
  TDEasyStart:
    :path: "../"

SPEC CHECKSUMS:
  TDEasyStart: 963c785da9e26a3e1e3f8a244985fc7d193fc3d7
  ThinkingDataCore: a9af2a3c645c928f6555dbfb447f9c89381976d9
  ThinkingSDK: 55612adb5d90fac6c1ea0a9c8651b619cb86f5fe

PODFILE CHECKSUM: d69d4585b28adb53b333081e9a59cb1cbdb2f8ce

COCOAPODS: 1.16.2
